
Microsoft Visual Studio Solution File, Format Version 12.00
# Visual Studio Version 17
VisualStudioVersion = 17.4.33205.214
MinimumVisualStudioVersion = 10.0.40219.1
Project("{9A19103F-16F7-4668-BE54-9A1E7A4F7556}") = "Slp.WebApi", "Slp.WebApi\Slp.WebApi.csproj", "{51D04EFD-8C9A-412C-8D95-D02C69D9AEEA}"
EndProject
Project("{9A19103F-16F7-4668-BE54-9A1E7A4F7556}") = "Slp.Services", "Slp.Services\Slp.Services.csproj", "{D1672FAE-2D46-4B84-BB31-11D21EF6C414}"
EndProject
Project("{9A19103F-16F7-4668-BE54-9A1E7A4F7556}") = "Slp.DataCore", "Slp.DataCore\Slp.DataCore.csproj", "{2FCC9530-1E32-4A33-B12C-D8DF490DEBB2}"
EndProject
Project("{2150E333-8FDC-42A3-9474-1A3956D46DE8}") = "DAL", "DAL", "{6F981F39-FB96-4F43-A95A-4A03F676F957}"
EndProject
Project("{2150E333-8FDC-42A3-9474-1A3956D46DE8}") = "Domain", "Domain", "{BE575A20-ADA8-4636-83B6-849CF8FF8B7B}"
EndProject
Project("{2150E333-8FDC-42A3-9474-1A3956D46DE8}") = "Service", "Service", "{157C6CEE-2DDB-4DCD-880D-553A52DAD65A}"
EndProject
Project("{9A19103F-16F7-4668-BE54-9A1E7A4F7556}") = "Slp.DataProvider", "Slp.DataProvider\Slp.DataProvider.csproj", "{DA53E65D-6885-421C-AD6D-06D01B9DE1E7}"
EndProject
Project("{2150E333-8FDC-42A3-9474-1A3956D46DE8}") = "WebApi", "WebApi", "{D83F7EC4-9A44-442F-BF41-4A5EAB5FC74A}"
EndProject
Project("{2150E333-8FDC-42A3-9474-1A3956D46DE8}") = "FrontEnd", "FrontEnd", "{A7CFD6EB-92C2-44F2-8AB4-788EF70B37C7}"
EndProject
Project("{FAE04EC0-301F-11D3-BF4B-00C04F79EFBC}") = "Slp.WebApi.Contracts", "Slp.WebApi.Contacts\Slp.WebApi.Contracts.csproj", "{95F6D877-8061-4D59-AEE1-664C96D87F37}"
EndProject
Project("{FAE04EC0-301F-11D3-BF4B-00C04F79EFBC}") = "Slp.Mappers", "Slp.Mappers\Slp.Mappers.csproj", "{C081D7F5-0D62-4F6E-9F05-F71C867263FF}"
EndProject
Project("{FAE04EC0-301F-11D3-BF4B-00C04F79EFBC}") = "Slp.Services.Models", "Slp.Services.Models\Slp.Services.Models.csproj", "{801FE25C-06B1-4185-B5D0-C1EBF65513FE}"
EndProject
Global
	GlobalSection(SolutionConfigurationPlatforms) = preSolution
		Debug|Any CPU = Debug|Any CPU
		Release|Any CPU = Release|Any CPU
	EndGlobalSection
	GlobalSection(ProjectConfigurationPlatforms) = postSolution
		{51D04EFD-8C9A-412C-8D95-D02C69D9AEEA}.Debug|Any CPU.ActiveCfg = Debug|Any CPU
		{51D04EFD-8C9A-412C-8D95-D02C69D9AEEA}.Debug|Any CPU.Build.0 = Debug|Any CPU
		{51D04EFD-8C9A-412C-8D95-D02C69D9AEEA}.Release|Any CPU.ActiveCfg = Release|Any CPU
		{51D04EFD-8C9A-412C-8D95-D02C69D9AEEA}.Release|Any CPU.Build.0 = Release|Any CPU
		{D1672FAE-2D46-4B84-BB31-11D21EF6C414}.Debug|Any CPU.ActiveCfg = Debug|Any CPU
		{D1672FAE-2D46-4B84-BB31-11D21EF6C414}.Debug|Any CPU.Build.0 = Debug|Any CPU
		{D1672FAE-2D46-4B84-BB31-11D21EF6C414}.Release|Any CPU.ActiveCfg = Release|Any CPU
		{D1672FAE-2D46-4B84-BB31-11D21EF6C414}.Release|Any CPU.Build.0 = Release|Any CPU
		{2FCC9530-1E32-4A33-B12C-D8DF490DEBB2}.Debug|Any CPU.ActiveCfg = Debug|Any CPU
		{2FCC9530-1E32-4A33-B12C-D8DF490DEBB2}.Debug|Any CPU.Build.0 = Debug|Any CPU
		{2FCC9530-1E32-4A33-B12C-D8DF490DEBB2}.Release|Any CPU.ActiveCfg = Release|Any CPU
		{2FCC9530-1E32-4A33-B12C-D8DF490DEBB2}.Release|Any CPU.Build.0 = Release|Any CPU
		{DA53E65D-6885-421C-AD6D-06D01B9DE1E7}.Debug|Any CPU.ActiveCfg = Debug|Any CPU
		{DA53E65D-6885-421C-AD6D-06D01B9DE1E7}.Debug|Any CPU.Build.0 = Debug|Any CPU
		{DA53E65D-6885-421C-AD6D-06D01B9DE1E7}.Release|Any CPU.ActiveCfg = Release|Any CPU
		{DA53E65D-6885-421C-AD6D-06D01B9DE1E7}.Release|Any CPU.Build.0 = Release|Any CPU
		{95F6D877-8061-4D59-AEE1-664C96D87F37}.Debug|Any CPU.ActiveCfg = Debug|Any CPU
		{95F6D877-8061-4D59-AEE1-664C96D87F37}.Debug|Any CPU.Build.0 = Debug|Any CPU
		{95F6D877-8061-4D59-AEE1-664C96D87F37}.Release|Any CPU.ActiveCfg = Release|Any CPU
		{95F6D877-8061-4D59-AEE1-664C96D87F37}.Release|Any CPU.Build.0 = Release|Any CPU
		{C081D7F5-0D62-4F6E-9F05-F71C867263FF}.Debug|Any CPU.ActiveCfg = Debug|Any CPU
		{C081D7F5-0D62-4F6E-9F05-F71C867263FF}.Debug|Any CPU.Build.0 = Debug|Any CPU
		{C081D7F5-0D62-4F6E-9F05-F71C867263FF}.Release|Any CPU.ActiveCfg = Release|Any CPU
		{C081D7F5-0D62-4F6E-9F05-F71C867263FF}.Release|Any CPU.Build.0 = Release|Any CPU
		{801FE25C-06B1-4185-B5D0-C1EBF65513FE}.Debug|Any CPU.ActiveCfg = Debug|Any CPU
		{801FE25C-06B1-4185-B5D0-C1EBF65513FE}.Debug|Any CPU.Build.0 = Debug|Any CPU
		{801FE25C-06B1-4185-B5D0-C1EBF65513FE}.Release|Any CPU.ActiveCfg = Release|Any CPU
		{801FE25C-06B1-4185-B5D0-C1EBF65513FE}.Release|Any CPU.Build.0 = Release|Any CPU
	EndGlobalSection
	GlobalSection(SolutionProperties) = preSolution
		HideSolutionNode = FALSE
	EndGlobalSection
	GlobalSection(NestedProjects) = preSolution
		{51D04EFD-8C9A-412C-8D95-D02C69D9AEEA} = {D83F7EC4-9A44-442F-BF41-4A5EAB5FC74A}
		{D1672FAE-2D46-4B84-BB31-11D21EF6C414} = {157C6CEE-2DDB-4DCD-880D-553A52DAD65A}
		{2FCC9530-1E32-4A33-B12C-D8DF490DEBB2} = {BE575A20-ADA8-4636-83B6-849CF8FF8B7B}
		{DA53E65D-6885-421C-AD6D-06D01B9DE1E7} = {6F981F39-FB96-4F43-A95A-4A03F676F957}
		{95F6D877-8061-4D59-AEE1-664C96D87F37} = {D83F7EC4-9A44-442F-BF41-4A5EAB5FC74A}
		{C081D7F5-0D62-4F6E-9F05-F71C867263FF} = {BE575A20-ADA8-4636-83B6-849CF8FF8B7B}
		{801FE25C-06B1-4185-B5D0-C1EBF65513FE} = {157C6CEE-2DDB-4DCD-880D-553A52DAD65A}
	EndGlobalSection
	GlobalSection(ExtensibilityGlobals) = postSolution
		SolutionGuid = {C8922F23-6ADE-486D-8431-663705FD78CC}
	EndGlobalSection
EndGlobal
